
Microsoft Visual Studio Solution File, Format Version 12.00
# Visual Studio Version 17
VisualStudioVersion = 17.5.002.0
MinimumVisualStudioVersion = 10.0.40219.1
Project("{9A19103F-16F7-4668-BE54-9A1E7A4F7556}") = "DesafioFundamentos", "DesafioFundamentos\DesafioFundamentos.csproj", "{17A2222C-013F-4AF4-B7E2-30049F5FCE72}"
EndProject
Global
	GlobalSection(SolutionConfigurationPlatforms) = preSolution
		Debug|Any CPU = Debug|Any CPU
		Release|Any CPU = Release|Any CPU
	EndGlobalSection
	GlobalSection(ProjectConfigurationPlatforms) = postSolution
		{17A2222C-013F-4AF4-B7E2-30049F5FCE72}.Debug|Any CPU.ActiveCfg = Debug|Any CPU
		{17A2222C-013F-4AF4-B7E2-30049F5FCE72}.Debug|Any CPU.Build.0 = Debug|Any CPU
		{17A2222C-013F-4AF4-B7E2-30049F5FCE72}.Release|Any CPU.ActiveCfg = Release|Any CPU
		{17A2222C-013F-4AF4-B7E2-30049F5FCE72}.Release|Any CPU.Build.0 = Release|Any CPU
	EndGlobalSection
	GlobalSection(SolutionProperties) = preSolution
		HideSolutionNode = FALSE
	EndGlobalSection
	GlobalSection(ExtensibilityGlobals) = postSolution
		SolutionGuid = {8A2D50A5-8FAC-4F14-94BA-EFDC8134B42F}
	EndGlobalSection
EndGlobal
